
Microsoft Visual Studio Solution File, Format Version 12.00
# Visual Studio Version 16
VisualStudioVersion = 16.0.31129.286
MinimumVisualStudioVersion = 10.0.40219.1
Project("{FAE04EC0-301F-11D3-BF4B-00C04F79EFBC}") = "PizzaOrderingSystemAPI", "PizzaOrderingSystemAPI.csproj", "{99B2A5DF-882F-4D8D-A10C-1868D4454935}"
EndProject
Global
	GlobalSection(SolutionConfigurationPlatforms) = preSolution
		Debug|Any CPU = Debug|Any CPU
		Release|Any CPU = Release|Any CPU
	EndGlobalSection
	GlobalSection(ProjectConfigurationPlatforms) = postSolution
		{99B2A5DF-882F-4D8D-A10C-1868D4454935}.Debug|Any CPU.ActiveCfg = Debug|Any CPU
		{99B2A5DF-882F-4D8D-A10C-1868D4454935}.Debug|Any CPU.Build.0 = Debug|Any CPU
		{99B2A5DF-882F-4D8D-A10C-1868D4454935}.Release|Any CPU.ActiveCfg = Release|Any CPU
		{99B2A5DF-882F-4D8D-A10C-1868D4454935}.Release|Any CPU.Build.0 = Release|Any CPU
	EndGlobalSection
	GlobalSection(SolutionProperties) = preSolution
		HideSolutionNode = FALSE
	EndGlobalSection
	GlobalSection(ExtensibilityGlobals) = postSolution
		SolutionGuid = {A393B9CC-5CE1-4F6D-9B44-49DC0671B0AA}
	EndGlobalSection
EndGlobal
